
Microsoft Visual Studio Solution File, Format Version 12.00
# Visual Studio Version 17
VisualStudioVersion = 17.8.34511.84
MinimumVisualStudioVersion = 10.0.40219.1
Project("{FAE04EC0-301F-11D3-BF4B-00C04F79EFBC}") = "ATV3_CJ3022234", "ATV3_CJ3022234\ATV3_CJ3022234.csproj", "{728459D8-9B04-4B48-9296-A679B8FB6F22}"
EndProject
Global
	GlobalSection(SolutionConfigurationPlatforms) = preSolution
		Debug|Any CPU = Debug|Any CPU
		Release|Any CPU = Release|Any CPU
	EndGlobalSection
	GlobalSection(ProjectConfigurationPlatforms) = postSolution
		{728459D8-9B04-4B48-9296-A679B8FB6F22}.Debug|Any CPU.ActiveCfg = Debug|Any CPU
		{728459D8-9B04-4B48-9296-A679B8FB6F22}.Debug|Any CPU.Build.0 = Debug|Any CPU
		{728459D8-9B04-4B48-9296-A679B8FB6F22}.Release|Any CPU.ActiveCfg = Release|Any CPU
		{728459D8-9B04-4B48-9296-A679B8FB6F22}.Release|Any CPU.Build.0 = Release|Any CPU
	EndGlobalSection
	GlobalSection(SolutionProperties) = preSolution
		HideSolutionNode = FALSE
	EndGlobalSection
	GlobalSection(ExtensibilityGlobals) = postSolution
		SolutionGuid = {61386FBA-F373-452E-8DFA-99913AB378A7}
	EndGlobalSection
EndGlobal
